
Microsoft Visual Studio Solution File, Format Version 12.00
# Visual Studio 15
VisualStudioVersion = 15.0.28307.779
MinimumVisualStudioVersion = 10.0.40219.1
Project("{9A19103F-16F7-4668-BE54-9A1E7A4F7556}") = "HWL.API", "HWL.API\HWL.API.csproj", "{100D4D4D-D14D-4844-8FED-B5616E9E0D8C}"
EndProject
Project("{9A19103F-16F7-4668-BE54-9A1E7A4F7556}") = "HWL.Entity", "HWL.Entity\HWL.Entity.csproj", "{92F0E41A-7356-493C-906B-891E841B3661}"
EndProject
Project("{9A19103F-16F7-4668-BE54-9A1E7A4F7556}") = "HWL.H5", "HWL.H5\HWL.H5.csproj", "{B3D9CD52-5EAF-47CF-8398-D6A3BF663A16}"
EndProject
Project("{9A19103F-16F7-4668-BE54-9A1E7A4F7556}") = "HWL.Manage", "HWL.Manage\HWL.Manage.csproj", "{2D23E75D-FCED-43D3-AD7A-5423F9DF4D4C}"
EndProject
Project("{9A19103F-16F7-4668-BE54-9A1E7A4F7556}") = "HWL.Manage.Service", "HWL.Manage.Service\HWL.Manage.Service.csproj", "{A2A2ABD0-0180-4267-920D-77E0F9D8A6E6}"
EndProject
Project("{9A19103F-16F7-4668-BE54-9A1E7A4F7556}") = "HWL.Redis", "HWL.Redis\HWL.Redis.csproj", "{E0411655-5754-42B4-A374-ED9237D00146}"
EndProject
Project("{9A19103F-16F7-4668-BE54-9A1E7A4F7556}") = "HWL.Service", "HWL.Service\HWL.Service.csproj", "{B33FEDAF-D31E-4B05-879E-8FC6954A664B}"
EndProject
Project("{9A19103F-16F7-4668-BE54-9A1E7A4F7556}") = "HWL.ShareConfig", "HWL.ShareConfig\HWL.ShareConfig.csproj", "{67A1D12B-86FE-4356-9A1B-3FC68AB8D2D3}"
EndProject
Project("{9A19103F-16F7-4668-BE54-9A1E7A4F7556}") = "HWL.Tools", "HWL.Tools\HWL.Tools.csproj", "{D2F9D812-9CD8-4A71-BD4E-B6FA8B448EA5}"
EndProject
Project("{2150E333-8FDC-42A3-9474-1A3956D46DE8}") = "Common", "Common", "{9CC7B349-62E0-43A3-9BAF-BF3B2E9AFFF4}"
EndProject
Project("{2150E333-8FDC-42A3-9474-1A3956D46DE8}") = "Manage", "Manage", "{F0666E9E-50A6-42C8-81D4-859BA7EB6ABF}"
EndProject
Project("{FAE04EC0-301F-11D3-BF4B-00C04F79EFBC}") = "HWL.Resx", "HWL.Resx\HWL.Resx.csproj", "{ECEADAB4-C325-4D1A-9D1C-6BC0A60C7520}"
EndProject
Project("{2150E333-8FDC-42A3-9474-1A3956D46DE8}") = "DevLog", "DevLog", "{1ECF5749-8535-42D3-B15E-CEEC29BF8865}"
	ProjectSection(SolutionItems) = preProject
		DevLog\chat.txt = DevLog\chat.txt
		DevLog\ef-doc.txt = DevLog\ef-doc.txt
		DevLog\firstend.txt = DevLog\firstend.txt
		DevLog\git-doc.txt = DevLog\git-doc.txt
		DevLog\GMSF.dll = DevLog\GMSF.dll
		DevLog\rec.txt = DevLog\rec.txt
		DevLog\secondend.txt = DevLog\secondend.txt
	EndProjectSection
EndProject
Project("{2150E333-8FDC-42A3-9474-1A3956D46DE8}") = "IM", "IM", "{C290EA82-FBCF-499B-AD33-69442D9A8834}"
EndProject
Project("{FAE04EC0-301F-11D3-BF4B-00C04F79EFBC}") = "HWL.IMCore", "HWL.IMCore\HWL.IMCore.csproj", "{268DB8D1-071F-4CF4-B3B9-BC59C242C349}"
EndProject
Project("{FAE04EC0-301F-11D3-BF4B-00C04F79EFBC}") = "HWL.IMClient", "HWL.IMClient\HWL.IMClient.csproj", "{4CF8D791-4977-493E-8E80-114963A688B9}"
EndProject
Project("{FAE04EC0-301F-11D3-BF4B-00C04F79EFBC}") = "HWL.IMClientTest", "HWL.IMClientTest\HWL.IMClientTest.csproj", "{C0F913FB-4AAE-4CA1-ABDF-DD82AF5DDD05}"
EndProject
Project("{00D1A9C2-B5F0-4AF3-8072-F6C62B433612}") = "HWL.DBScript", "HWL.DBScript\HWL.DBScript.sqlproj", "{777E1E08-8726-4575-A718-2E203F4BC4D0}"
EndProject
Global
	GlobalSection(SolutionConfigurationPlatforms) = preSolution
		Debug|Any CPU = Debug|Any CPU
		Release|Any CPU = Release|Any CPU
	EndGlobalSection
	GlobalSection(ProjectConfigurationPlatforms) = postSolution
		{100D4D4D-D14D-4844-8FED-B5616E9E0D8C}.Debug|Any CPU.ActiveCfg = Debug|Any CPU
		{100D4D4D-D14D-4844-8FED-B5616E9E0D8C}.Debug|Any CPU.Build.0 = Debug|Any CPU
		{100D4D4D-D14D-4844-8FED-B5616E9E0D8C}.Release|Any CPU.ActiveCfg = Release|Any CPU
		{100D4D4D-D14D-4844-8FED-B5616E9E0D8C}.Release|Any CPU.Build.0 = Release|Any CPU
		{92F0E41A-7356-493C-906B-891E841B3661}.Debug|Any CPU.ActiveCfg = Debug|Any CPU
		{92F0E41A-7356-493C-906B-891E841B3661}.Debug|Any CPU.Build.0 = Debug|Any CPU
		{92F0E41A-7356-493C-906B-891E841B3661}.Release|Any CPU.ActiveCfg = Release|Any CPU
		{92F0E41A-7356-493C-906B-891E841B3661}.Release|Any CPU.Build.0 = Release|Any CPU
		{B3D9CD52-5EAF-47CF-8398-D6A3BF663A16}.Debug|Any CPU.ActiveCfg = Debug|Any CPU
		{B3D9CD52-5EAF-47CF-8398-D6A3BF663A16}.Debug|Any CPU.Build.0 = Debug|Any CPU
		{B3D9CD52-5EAF-47CF-8398-D6A3BF663A16}.Release|Any CPU.ActiveCfg = Release|Any CPU
		{B3D9CD52-5EAF-47CF-8398-D6A3BF663A16}.Release|Any CPU.Build.0 = Release|Any CPU
		{2D23E75D-FCED-43D3-AD7A-5423F9DF4D4C}.Debug|Any CPU.ActiveCfg = Debug|Any CPU
		{2D23E75D-FCED-43D3-AD7A-5423F9DF4D4C}.Debug|Any CPU.Build.0 = Debug|Any CPU
		{2D23E75D-FCED-43D3-AD7A-5423F9DF4D4C}.Release|Any CPU.ActiveCfg = Release|Any CPU
		{2D23E75D-FCED-43D3-AD7A-5423F9DF4D4C}.Release|Any CPU.Build.0 = Release|Any CPU
		{A2A2ABD0-0180-4267-920D-77E0F9D8A6E6}.Debug|Any CPU.ActiveCfg = Debug|Any CPU
		{A2A2ABD0-0180-4267-920D-77E0F9D8A6E6}.Debug|Any CPU.Build.0 = Debug|Any CPU
		{A2A2ABD0-0180-4267-920D-77E0F9D8A6E6}.Release|Any CPU.ActiveCfg = Release|Any CPU
		{A2A2ABD0-0180-4267-920D-77E0F9D8A6E6}.Release|Any CPU.Build.0 = Release|Any CPU
		{E0411655-5754-42B4-A374-ED9237D00146}.Debug|Any CPU.ActiveCfg = Debug|Any CPU
		{E0411655-5754-42B4-A374-ED9237D00146}.Debug|Any CPU.Build.0 = Debug|Any CPU
		{E0411655-5754-42B4-A374-ED9237D00146}.Release|Any CPU.ActiveCfg = Release|Any CPU
		{E0411655-5754-42B4-A374-ED9237D00146}.Release|Any CPU.Build.0 = Release|Any CPU
		{B33FEDAF-D31E-4B05-879E-8FC6954A664B}.Debug|Any CPU.ActiveCfg = Debug|Any CPU
		{B33FEDAF-D31E-4B05-879E-8FC6954A664B}.Debug|Any CPU.Build.0 = Debug|Any CPU
		{B33FEDAF-D31E-4B05-879E-8FC6954A664B}.Release|Any CPU.ActiveCfg = Release|Any CPU
		{B33FEDAF-D31E-4B05-879E-8FC6954A664B}.Release|Any CPU.Build.0 = Release|Any CPU
		{67A1D12B-86FE-4356-9A1B-3FC68AB8D2D3}.Debug|Any CPU.ActiveCfg = Debug|Any CPU
		{67A1D12B-86FE-4356-9A1B-3FC68AB8D2D3}.Debug|Any CPU.Build.0 = Debug|Any CPU
		{67A1D12B-86FE-4356-9A1B-3FC68AB8D2D3}.Release|Any CPU.ActiveCfg = Release|Any CPU
		{67A1D12B-86FE-4356-9A1B-3FC68AB8D2D3}.Release|Any CPU.Build.0 = Release|Any CPU
		{D2F9D812-9CD8-4A71-BD4E-B6FA8B448EA5}.Debug|Any CPU.ActiveCfg = Debug|Any CPU
		{D2F9D812-9CD8-4A71-BD4E-B6FA8B448EA5}.Debug|Any CPU.Build.0 = Debug|Any CPU
		{D2F9D812-9CD8-4A71-BD4E-B6FA8B448EA5}.Release|Any CPU.ActiveCfg = Release|Any CPU
		{D2F9D812-9CD8-4A71-BD4E-B6FA8B448EA5}.Release|Any CPU.Build.0 = Release|Any CPU
		{ECEADAB4-C325-4D1A-9D1C-6BC0A60C7520}.Debug|Any CPU.ActiveCfg = Debug|Any CPU
		{ECEADAB4-C325-4D1A-9D1C-6BC0A60C7520}.Debug|Any CPU.Build.0 = Debug|Any CPU
		{ECEADAB4-C325-4D1A-9D1C-6BC0A60C7520}.Release|Any CPU.ActiveCfg = Release|Any CPU
		{ECEADAB4-C325-4D1A-9D1C-6BC0A60C7520}.Release|Any CPU.Build.0 = Release|Any CPU
		{268DB8D1-071F-4CF4-B3B9-BC59C242C349}.Debug|Any CPU.ActiveCfg = Debug|Any CPU
		{268DB8D1-071F-4CF4-B3B9-BC59C242C349}.Debug|Any CPU.Build.0 = Debug|Any CPU
		{268DB8D1-071F-4CF4-B3B9-BC59C242C349}.Release|Any CPU.ActiveCfg = Release|Any CPU
		{268DB8D1-071F-4CF4-B3B9-BC59C242C349}.Release|Any CPU.Build.0 = Release|Any CPU
		{4CF8D791-4977-493E-8E80-114963A688B9}.Debug|Any CPU.ActiveCfg = Debug|Any CPU
		{4CF8D791-4977-493E-8E80-114963A688B9}.Debug|Any CPU.Build.0 = Debug|Any CPU
		{4CF8D791-4977-493E-8E80-114963A688B9}.Release|Any CPU.ActiveCfg = Release|Any CPU
		{4CF8D791-4977-493E-8E80-114963A688B9}.Release|Any CPU.Build.0 = Release|Any CPU
		{C0F913FB-4AAE-4CA1-ABDF-DD82AF5DDD05}.Debug|Any CPU.ActiveCfg = Debug|Any CPU
		{C0F913FB-4AAE-4CA1-ABDF-DD82AF5DDD05}.Debug|Any CPU.Build.0 = Debug|Any CPU
		{C0F913FB-4AAE-4CA1-ABDF-DD82AF5DDD05}.Release|Any CPU.ActiveCfg = Release|Any CPU
		{C0F913FB-4AAE-4CA1-ABDF-DD82AF5DDD05}.Release|Any CPU.Build.0 = Release|Any CPU
		{777E1E08-8726-4575-A718-2E203F4BC4D0}.Debug|Any CPU.ActiveCfg = Debug|Any CPU
		{777E1E08-8726-4575-A718-2E203F4BC4D0}.Debug|Any CPU.Build.0 = Debug|Any CPU
		{777E1E08-8726-4575-A718-2E203F4BC4D0}.Debug|Any CPU.Deploy.0 = Debug|Any CPU
		{777E1E08-8726-4575-A718-2E203F4BC4D0}.Release|Any CPU.ActiveCfg = Release|Any CPU
		{777E1E08-8726-4575-A718-2E203F4BC4D0}.Release|Any CPU.Build.0 = Release|Any CPU
		{777E1E08-8726-4575-A718-2E203F4BC4D0}.Release|Any CPU.Deploy.0 = Release|Any CPU
	EndGlobalSection
	GlobalSection(SolutionProperties) = preSolution
		HideSolutionNode = FALSE
	EndGlobalSection
	GlobalSection(NestedProjects) = preSolution
		{92F0E41A-7356-493C-906B-891E841B3661} = {9CC7B349-62E0-43A3-9BAF-BF3B2E9AFFF4}
		{B3D9CD52-5EAF-47CF-8398-D6A3BF663A16} = {F0666E9E-50A6-42C8-81D4-859BA7EB6ABF}
		{2D23E75D-FCED-43D3-AD7A-5423F9DF4D4C} = {F0666E9E-50A6-42C8-81D4-859BA7EB6ABF}
		{A2A2ABD0-0180-4267-920D-77E0F9D8A6E6} = {F0666E9E-50A6-42C8-81D4-859BA7EB6ABF}
		{E0411655-5754-42B4-A374-ED9237D00146} = {9CC7B349-62E0-43A3-9BAF-BF3B2E9AFFF4}
		{67A1D12B-86FE-4356-9A1B-3FC68AB8D2D3} = {9CC7B349-62E0-43A3-9BAF-BF3B2E9AFFF4}
		{D2F9D812-9CD8-4A71-BD4E-B6FA8B448EA5} = {9CC7B349-62E0-43A3-9BAF-BF3B2E9AFFF4}
		{268DB8D1-071F-4CF4-B3B9-BC59C242C349} = {C290EA82-FBCF-499B-AD33-69442D9A8834}
		{4CF8D791-4977-493E-8E80-114963A688B9} = {C290EA82-FBCF-499B-AD33-69442D9A8834}
		{C0F913FB-4AAE-4CA1-ABDF-DD82AF5DDD05} = {C290EA82-FBCF-499B-AD33-69442D9A8834}
	EndGlobalSection
	GlobalSection(ExtensibilityGlobals) = postSolution
		SolutionGuid = {2EA8D61C-6913-4FC6-9B2C-0A03FF62A33F}
	EndGlobalSection
EndGlobal
